
Microsoft Visual Studio Solution File, Format Version 12.00
# Visual Studio Version 17
VisualStudioVersion = 17.4.33213.308
MinimumVisualStudioVersion = 10.0.40219.1
Project("{FAE04EC0-301F-11D3-BF4B-00C04F79EFBC}") = "ProyectoFinalDesarrolloWeb", "ProyectoFinalDesarrolloWeb.csproj", "{EEE7CA47-DABA-4B7F-A239-6B3BCCFDC3C8}"
EndProject
Global
	GlobalSection(SolutionConfigurationPlatforms) = preSolution
		Debug|Any CPU = Debug|Any CPU
		Release|Any CPU = Release|Any CPU
	EndGlobalSection
	GlobalSection(ProjectConfigurationPlatforms) = postSolution
		{EEE7CA47-DABA-4B7F-A239-6B3BCCFDC3C8}.Debug|Any CPU.ActiveCfg = Debug|Any CPU
		{EEE7CA47-DABA-4B7F-A239-6B3BCCFDC3C8}.Debug|Any CPU.Build.0 = Debug|Any CPU
		{EEE7CA47-DABA-4B7F-A239-6B3BCCFDC3C8}.Release|Any CPU.ActiveCfg = Release|Any CPU
		{EEE7CA47-DABA-4B7F-A239-6B3BCCFDC3C8}.Release|Any CPU.Build.0 = Release|Any CPU
	EndGlobalSection
	GlobalSection(SolutionProperties) = preSolution
		HideSolutionNode = FALSE
	EndGlobalSection
	GlobalSection(ExtensibilityGlobals) = postSolution
		SolutionGuid = {B3B3C872-DF0A-4219-A33F-B9D2A93CFB36}
	EndGlobalSection
EndGlobal
